# This file is automatically @generated by Poetry 2.3.1 and should not be changed by hand.

[[package]]
name = "mmh3"
version = "5.2.0"
description = "Python extension for MurmurHash (MurmurHash3), a set of fast and robust hash functions."
optional = false
python-versions = ">=3.9"
groups = ["main"]
files = [
    {file = "mmh3-5.2.0-cp310-cp310-macosx_10_9_universal2.whl", hash = "sha256:81c504ad11c588c8629536b032940f2a359dda3b6cbfd4ad8f74cb24dcd1b0bc"},
    {file = "mmh3-5.2.0-cp310-cp310-macosx_10_9_x86_64.whl", hash = "sha256:0b898cecff57442724a0f52bf42c2de42de63083a91008fb452887e372f9c328"},
    {file = "mmh3-5.2.0-cp310-cp310-macosx_11_0_arm64.whl", hash = "sha256:be1374df449465c9f2500e62eee73a39db62152a8bdfbe12ec5b5c1cd451344d"},
    {file = "mmh3-5.2.0-cp310-cp310-manylinux1_i686.manylinux_2_28_i686.manylinux_2_5_i686.whl", hash = "sha256:b0d753ad566c721faa33db7e2e0eddd74b224cdd3eaf8481d76c926603c7a00e"},
    {file = "mmh3-5.2.0-cp310-cp310-manylinux1_x86_64.manylinux_2_28_x86_64.manylinux_2_5_x86_64.whl", hash = "sha256:dfbead5575f6470c17e955b94f92d62a03dfc3d07f2e6f817d9b93dc211a1515"},
    {file = "mmh3-5.2.0-cp310-cp310-manylinux2014_aarch64.manylinux_2_17_aarch64.manylinux_2_28_aarch64.whl", hash = "sha256:7434a27754049144539d2099a6d2da5d88b8bdeedf935180bf42ad59b3607aa3"},
    {file = "mmh3-5.2.0-cp310-cp310-manylinux2014_ppc64le.manylinux_2_17_ppc64le.manylinux_2_28_ppc64le.whl", hash = "sha256:cadc16e8ea64b5d9a47363013e2bea469e121e6e7cb416a7593aeb24f2ad122e"},
    {file = "mmh3-5.2.0-cp310-cp310-manylinux2014_s390x.manylinux_2_17_s390x.manylinux_2_28_s390x.whl", hash = "sha256:d765058da196f68dc721116cab335e696e87e76720e6ef8ee5a24801af65e63d"},
    {file = "mmh3-5.2.0-cp310-cp310-musllinux_1_2_aarch64.whl", hash = "sha256:8b0c53fe0994beade1ad7c0f13bd6fec980a0664bfbe5a6a7d64500b9ab76772"},
    {file = "mmh3-5.2.0-cp310-cp310-musllinux_1_2_i686.whl", hash = "sha256:49037d417419863b222ae47ee562b2de9c3416add0a45c8d7f4e864be8dc4f89"},
    {file = "mmh3-5.2.0-cp310-cp310-musllinux_1_2_ppc64le.whl", hash = "sha256:6ecb4e750d712abde046858ee6992b65c93f1f71b397fce7975c3860c07365d2"},
    {file = "mmh3-5.2.0-cp310-cp310-musllinux_1_2_s390x.whl", hash = "sha256:382a6bb3f8c6532ea084e7acc5be6ae0c6effa529240836d59352398f002e3fc"},
    {file = "mmh3-5.2.0-cp310-cp310-musllinux_1_2_x86_64.whl", hash = "sha256:7733ec52296fc1ba22e9b90a245c821adbb943e98c91d8a330a2254612726106"},
    {file = "mmh3-5.2.0-cp310-cp310-win32.whl", hash = "sha256:127c95336f2a98c51e7682341ab7cb0be3adb9df0819ab8505a726ed1801876d"},
    {file = "mmh3-5.2.0-cp310-cp310-win_amd64.whl", hash = "sha256:419005f84ba1cab47a77465a2a843562dadadd6671b8758bf179d82a15ca63eb"},
    {file = "mmh3-5.2.0-cp310-cp310-win_arm64.whl", hash = "sha256:d22c9dcafed659fadc605538946c041722b6d1104fe619dbf5cc73b3c8a0ded8"},
    {file = "mmh3-5.2.0-cp311-cp311-macosx_10_9_universal2.whl", hash = "sha256:7901c893e704ee3c65f92d39b951f8f34ccf8e8566768c58103fb10e55afb8c1"},
    {file = "mmh3-5.2.0-cp311-cp311-macosx_10_9_x86_64.whl", hash = "sha256:4a5f5536b1cbfa72318ab3bfc8a8188b949260baed186b75f0abc75b95d8c051"},
    {file = "mmh3-5.2.0-cp311-cp311-macosx_11_0_arm64.whl", hash = "sha256:cedac4f4054b8f7859e5aed41aaa31ad03fce6851901a7fdc2af0275ac533c10"},
    {file = "mmh3-5.2.0-cp311-cp311-manylinux1_i686.manylinux_2_28_i686.manylinux_2_5_i686.whl", hash = "sha256:eb756caf8975882630ce4e9fbbeb9d3401242a72528230422c9ab3a0d278e60c"},
    {file = "mmh3-5.2.0-cp311-cp311-manylinux1_x86_64.manylinux_2_28_x86_64.manylinux_2_5_x86_64.whl", hash = "sha256:097e13c8b8a66c5753c6968b7640faefe85d8e38992703c1f666eda6ef4c3762"},
    {file = "mmh3-5.2.0-cp311-cp311-manylinux2014_aarch64.manylinux_2_17_aarch64.manylinux_2_28_aarch64.whl", hash = "sha256:a7c0c7845566b9686480e6a7e9044db4afb60038d5fabd19227443f0104eeee4"},
    {file = "mmh3-5.2.0-cp311-cp311-manylinux2014_ppc64le.manylinux_2_17_ppc64le.manylinux_2_28_ppc64le.whl", hash = "sha256:61ac226af521a572700f863d6ecddc6ece97220ce7174e311948ff8c8919a363"},
    {file = "mmh3-5.2.0-cp311-cp311-manylinux2014_s390x.manylinux_2_17_s390x.manylinux_2_28_s390x.whl", hash = "sha256:582f9dbeefe15c32a5fa528b79b088b599a1dfe290a4436351c6090f90ddebb8"},
    {file = "mmh3-5.2.0-cp311-cp311-musllinux_1_2_aarch64.whl", hash = "sha256:2ebfc46b39168ab1cd44670a32ea5489bcbc74a25795c61b6d888c5c2cf654ed"},
    {file = "mmh3-5.2.0-cp311-cp311-musllinux_1_2_i686.whl", hash = "sha256:1556e31e4bd0ac0c17eaf220be17a09c171d7396919c3794274cb3415a9d3646"},
    {file = "mmh3-5.2.0-cp311-cp311-musllinux_1_2_ppc64le.whl", hash = "sha256:81df0dae22cd0da87f1c978602750f33d17fb3d21fb0f326c89dc89834fea79b"},
    {file = "mmh3-5.2.0-cp311-cp311-musllinux_1_2_s390x.whl", hash = "sha256:eba01ec3bd4a49b9ac5ca2bc6a73ff5f3af53374b8556fcc2966dd2af9eb7779"},
    {file = "mmh3-5.2.0-cp311-cp311-musllinux_1_2_x86_64.whl", hash = "sha256:e9a011469b47b752e7d20de296bb34591cdfcbe76c99c2e863ceaa2aa61113d2"},
    {file = "mmh3-5.2.0-cp311-cp311-win32.whl", hash = "sha256:bc44fc2b886243d7c0d8daeb37864e16f232e5b56aaec27cc781d848264cfd28"},
    {file = "mmh3-5.2.0-cp311-cp311-win_amd64.whl", hash = "sha256:8ebf241072cf2777a492d0e09252f8cc2b3edd07dfdb9404b9757bffeb4f2cee"},
    {file = "mmh3-5.2.0-cp311-cp311-win_arm64.whl", hash = "sha256:b5f317a727bba0e633a12e71228bc6a4acb4f471a98b1c003163b917311ea9a9"},
    {file = "mmh3-5.2.0-cp312-cp312-macosx_10_13_universal2.whl", hash = "sha256:384eda9361a7bf83a85e09447e1feafe081034af9dd428893701b959230d84be"},
    {file = "mmh3-5.2.0-cp312-cp312-macosx_10_13_x86_64.whl", hash = "sha256:2c9da0d568569cc87315cb063486d761e38458b8ad513fedd3dc9263e1b81bcd"},
    {file = "mmh3-5.2.0-cp312-cp312-macosx_11_0_arm64.whl", hash = "sha256:86d1be5d63232e6eb93c50881aea55ff06eb86d8e08f9b5417c8c9b10db9db96"},
    {file = "mmh3-5.2.0-cp312-cp312-manylinux1_i686.manylinux_2_28_i686.manylinux_2_5_i686.whl", hash = "sha256:bf7bee43e17e81671c447e9c83499f53d99bf440bc6d9dc26a841e21acfbe094"},
    {file = "mmh3-5.2.0-cp312-cp312-manylinux1_x86_64.manylinux_2_28_x86_64.manylinux_2_5_x86_64.whl", hash = "sha256:7aa18cdb58983ee660c9c400b46272e14fa253c675ed963d3812487f8ca42037"},
    {file = "mmh3-5.2.0-cp312-cp312-manylinux2014_aarch64.manylinux_2_17_aarch64.manylinux_2_28_aarch64.whl", hash = "sha256:ae9d032488fcec32d22be6542d1a836f00247f40f320844dbb361393b5b22773"},
    {file = "mmh3-5.2.0-cp312-cp312-manylinux2014_ppc64le.manylinux_2_17_ppc64le.manylinux_2_28_ppc64le.whl", hash = "sha256:e1861fb6b1d0453ed7293200139c0a9011eeb1376632e048e3766945b13313c5"},
    {file = "mmh3-5.2.0-cp312-cp312-manylinux2014_s390x.manylinux_2_17_s390x.manylinux_2_28_s390x.whl", hash = "sha256:99bb6a4d809aa4e528ddfe2c85dd5239b78b9dd14be62cca0329db78505e7b50"},
    {file = "mmh3-5.2.0-cp312-cp312-musllinux_1_2_aarch64.whl", hash = "sha256:1f8d8b627799f4e2fcc7c034fed8f5f24dc7724ff52f69838a3d6d15f1ad4765"},
    {file = "mmh3-5.2.0-cp312-cp312-musllinux_1_2_i686.whl", hash = "sha256:b5995088dd7023d2d9f310a0c67de5a2b2e06a570ecfd00f9ff4ab94a67cde43"},
    {file = "mmh3-5.2.0-cp312-cp312-musllinux_1_2_ppc64le.whl", hash = "sha256:1a5f4d2e59d6bba8ef01b013c472741835ad961e7c28f50c82b27c57748744a4"},
    {file = "mmh3-5.2.0-cp312-cp312-musllinux_1_2_s390x.whl", hash = "sha256:fd6e6c3d90660d085f7e73710eab6f5545d4854b81b0135a3526e797009dbda3"},
    {file = "mmh3-5.2.0-cp312-cp312-musllinux_1_2_x86_64.whl", hash = "sha256:c4a2f3d83879e3de2eb8cbf562e71563a8ed15ee9b9c2e77ca5d9f73072ac15c"},
    {file = "mmh3-5.2.0-cp312-cp312-win32.whl", hash = "sha256:2421b9d665a0b1ad724ec7332fb5a98d075f50bc51a6ff854f3a1882bd650d49"},
    {file = "mmh3-5.2.0-cp312-cp312-win_amd64.whl", hash = "sha256:72d80005b7634a3a2220f81fbeb94775ebd12794623bb2e1451701ea732b4aa3"},
    {file = "mmh3-5.2.0-cp312-cp312-win_arm64.whl", hash = "sha256:3d6bfd9662a20c054bc216f861fa330c2dac7c81e7fb8307b5e32ab5b9b4d2e0"},
    {file = "mmh3-5.2.0-cp313-cp313-android_21_arm64_v8a.whl", hash = "sha256:e79c00eba78f7258e5b354eccd4d7907d60317ced924ea4a5f2e9d83f5453065"},
    {file = "mmh3-5.2.0-cp313-cp313-android_21_x86_64.whl", hash = "sha256:956127e663d05edbeec54df38885d943dfa27406594c411139690485128525de"},
    {file = "mmh3-5.2.0-cp313-cp313-ios_13_0_arm64_iphoneos.whl", hash = "sha256:c3dca4cb5b946ee91b3d6bb700d137b1cd85c20827f89fdf9c16258253489044"},
    {file = "mmh3-5.2.0-cp313-cp313-ios_13_0_arm64_iphonesimulator.whl", hash = "sha256:e651e17bfde5840e9e4174b01e9e080ce49277b70d424308b36a7969d0d1af73"},
    {file = "mmh3-5.2.0-cp313-cp313-ios_13_0_x86_64_iphonesimulator.whl", hash = "sha256:9f64bf06f4bf623325fda3a6d02d36cd69199b9ace99b04bb2d7fd9f89688504"},
    {file = "mmh3-5.2.0-cp313-cp313-macosx_10_13_universal2.whl", hash = "sha256:ddc63328889bcaee77b743309e5c7d2d52cee0d7d577837c91b6e7cc9e755e0b"},
    {file = "mmh3-5.2.0-cp313-cp313-macosx_10_13_x86_64.whl", hash = "sha256:bb0fdc451fb6d86d81ab8f23d881b8d6e37fc373a2deae1c02d27002d2ad7a05"},
    {file = "mmh3-5.2.0-cp313-cp313-macosx_11_0_arm64.whl", hash = "sha256:b29044e1ffdb84fe164d0a7ea05c7316afea93c00f8ed9449cf357c36fc4f814"},
    {file = "mmh3-5.2.0-cp313-cp313-manylinux1_i686.manylinux_2_28_i686.manylinux_2_5_i686.whl", hash = "sha256:58981d6ea9646dbbf9e59a30890cbf9f610df0e4a57dbfe09215116fd90b0093"},
    {file = "mmh3-5.2.0-cp313-cp313-manylinux1_x86_64.manylinux_2_28_x86_64.manylinux_2_5_x86_64.whl", hash = "sha256:7e5634565367b6d98dc4aa2983703526ef556b3688ba3065edb4b9b90ede1c54"},
    {file = "mmh3-5.2.0-cp313-cp313-manylinux2014_aarch64.manylinux_2_17_aarch64.manylinux_2_28_aarch64.whl", hash = "sha256:b0271ac12415afd3171ab9a3c7cbfc71dee2c68760a7dc9d05bf8ed6ddfa3a7a"},
    {file = "mmh3-5.2.0-cp313-cp313-manylinux2014_ppc64le.manylinux_2_17_ppc64le.manylinux_2_28_ppc64le.whl", hash = "sha256:45b590e31bc552c6f8e2150ff1ad0c28dd151e9f87589e7eaf508fbdd8e8e908"},
    {file = "mmh3-5.2.0-cp313-cp313-manylinux2014_s390x.manylinux_2_17_s390x.manylinux_2_28_s390x.whl", hash = "sha256:bdde97310d59604f2a9119322f61b31546748499a21b44f6715e8ced9308a6c5"},
    {file = "mmh3-5.2.0-cp313-cp313-musllinux_1_2_aarch64.whl", hash = "sha256:fc9c5f280438cf1c1a8f9abb87dc8ce9630a964120cfb5dd50d1e7ce79690c7a"},
    {file = "mmh3-5.2.0-cp313-cp313-musllinux_1_2_i686.whl", hash = "sha256:c903e71fd8debb35ad2a4184c1316b3cb22f64ce517b4e6747f25b0a34e41266"},
    {file = "mmh3-5.2.0-cp313-cp313-musllinux_1_2_ppc64le.whl", hash = "sha256:eed4bba7ff8a0d37106ba931ab03bdd3915fbb025bcf4e1f0aa02bc8114960c5"},
    {file = "mmh3-5.2.0-cp313-cp313-musllinux_1_2_s390x.whl", hash = "sha256:1fdb36b940e9261aff0b5177c5b74a36936b902f473180f6c15bde26143681a9"},
    {file = "mmh3-5.2.0-cp313-cp313-musllinux_1_2_x86_64.whl", hash = "sha256:7303aab41e97adcf010a09efd8f1403e719e59b7705d5e3cfed3dd7571589290"},
    {file = "mmh3-5.2.0-cp313-cp313-win32.whl", hash = "sha256:03e08c6ebaf666ec1e3d6ea657a2d363bb01effd1a9acfe41f9197decaef0051"},
    {file = "mmh3-5.2.0-cp313-cp313-win_amd64.whl", hash = "sha256:7fddccd4113e7b736706e17a239a696332360cbaddf25ae75b57ba1acce65081"},
    {file = "mmh3-5.2.0-cp313-cp313-win_arm64.whl", hash = "sha256:fa0c966ee727aad5406d516375593c5f058c766b21236ab8985693934bb5085b"},
    {file = "mmh3-5.2.0-cp314-cp314-ios_13_0_arm64_iphoneos.whl", hash = "sha256:e5015f0bb6eb50008bed2d4b1ce0f2a294698a926111e4bb202c0987b4f89078"},
    {file = "mmh3-5.2.0-cp314-cp314-ios_13_0_arm64_iphonesimulator.whl", hash = "sha256:e0f3ed828d709f5b82d8bfe14f8856120718ec4bd44a5b26102c3030a1e12501"},
    {file = "mmh3-5.2.0-cp314-cp314-ios_13_0_x86_64_iphonesimulator.whl", hash = "sha256:f35727c5118aba95f0397e18a1a5b8405425581bfe53e821f0fb444cbdc2bc9b"},
    {file = "mmh3-5.2.0-cp314-cp314-macosx_10_13_universal2.whl", hash = "sha256:3bc244802ccab5220008cb712ca1508cb6a12f0eb64ad62997156410579a1770"},
    {file = "mmh3-5.2.0-cp314-cp314-macosx_10_13_x86_64.whl", hash = "sha256:ff3d50dc3fe8a98059f99b445dfb62792b5d006c5e0b8f03c6de2813b8376110"},
    {file = "mmh3-5.2.0-cp314-cp314-macosx_11_0_arm64.whl", hash = "sha256:37a358cc881fe796e099c1db6ce07ff757f088827b4e8467ac52b7a7ffdca647"},
    {file = "mmh3-5.2.0-cp314-cp314-manylinux1_i686.manylinux_2_28_i686.manylinux_2_5_i686.whl", hash = "sha256:b9a87025121d1c448f24f27ff53a5fe7b6ef980574b4a4f11acaabe702420d63"},
    {file = "mmh3-5.2.0-cp314-cp314-manylinux1_x86_64.manylinux_2_28_x86_64.manylinux_2_5_x86_64.whl", hash = "sha256:1ba55d6ca32eeef8b2625e1e4bfc3b3db52bc63014bd7e5df8cc11bf2b036b12"},
    {file = "mmh3-5.2.0-cp314-cp314-manylinux2014_aarch64.manylinux_2_17_aarch64.manylinux_2_28_aarch64.whl", hash = "sha256:c9ff37ba9f15637e424c2ab57a1a590c52897c845b768e4e0a4958084ec87f22"},
    {file = "mmh3-5.2.0-cp314-cp314-manylinux2014_ppc64le.manylinux_2_17_ppc64le.manylinux_2_28_ppc64le.whl", hash = "sha256:a094319ec0db52a04af9fdc391b4d39a1bc72bc8424b47c4411afb05413a44b5"},
    {file = "mmh3-5.2.0-cp314-cp314-manylinux2014_s390x.manylinux_2_17_s390x.manylinux_2_28_s390x.whl", hash = "sha256:c5584061fd3da584659b13587f26c6cad25a096246a481636d64375d0c1f6c07"},
    {file = "mmh3-5.2.0-cp314-cp314-musllinux_1_2_aarch64.whl", hash = "sha256:ecbfc0437ddfdced5e7822d1ce4855c9c64f46819d0fdc4482c53f56c707b935"},
    {file = "mmh3-5.2.0-cp314-cp314-musllinux_1_2_i686.whl", hash = "sha256:7b986d506a8e8ea345791897ba5d8ba0d9d8820cd4fc3e52dbe6de19388de2e7"},
    {file = "mmh3-5.2.0-cp314-cp314-musllinux_1_2_ppc64le.whl", hash = "sha256:38d899a156549da8ef6a9f1d6f7ef231228d29f8f69bce2ee12f5fba6d6fd7c5"},
    {file = "mmh3-5.2.0-cp314-cp314-musllinux_1_2_s390x.whl", hash = "sha256:d86651fa45799530885ba4dab3d21144486ed15285e8784181a0ab37a4552384"},
    {file = "mmh3-5.2.0-cp314-cp314-musllinux_1_2_x86_64.whl", hash = "sha256:c463d7c1c4cfc9d751efeaadd936bbba07b5b0ed81a012b3a9f5a12f0872bd6e"},
    {file = "mmh3-5.2.0-cp314-cp314-win32.whl", hash = "sha256:bb4fe46bdc6104fbc28db7a6bacb115ee6368ff993366bbd8a2a7f0076e6f0c0"},
    {file = "mmh3-5.2.0-cp314-cp314-win_amd64.whl", hash = "sha256:7c7f0b342fd06044bedd0b6e72177ddc0076f54fd89ee239447f8b271d919d9b"},
    {file = "mmh3-5.2.0-cp314-cp314-win_arm64.whl", hash = "sha256:3193752fc05ea72366c2b63ff24b9a190f422e32d75fdeae71087c08fff26115"},
    {file = "mmh3-5.2.0-cp314-cp314t-macosx_10_13_universal2.whl", hash = "sha256:69fc339d7202bea69ef9bd7c39bfdf9fdabc8e6822a01eba62fb43233c1b3932"},
    {file = "mmh3-5.2.0-cp314-cp314t-macosx_10_13_x86_64.whl", hash = "sha256:12da42c0a55c9d86ab566395324213c319c73ecb0c239fad4726324212b9441c"},
    {file = "mmh3-5.2.0-cp314-cp314t-macosx_11_0_arm64.whl", hash = "sha256:f7f9034c7cf05ddfaac8d7a2e63a3c97a840d4615d0a0e65ba8bdf6f8576e3be"},
    {file = "mmh3-5.2.0-cp314-cp314t-manylinux1_i686.manylinux_2_28_i686.manylinux_2_5_i686.whl", hash = "sha256:11730eeb16dfcf9674fdea9bb6b8e6dd9b40813b7eb839bc35113649eef38aeb"},
    {file = "mmh3-5.2.0-cp314-cp314t-manylinux1_x86_64.manylinux_2_28_x86_64.manylinux_2_5_x86_64.whl", hash = "sha256:932a6eec1d2e2c3c9e630d10f7128d80e70e2d47fe6b8c7ea5e1afbd98733e65"},
    {file = "mmh3-5.2.0-cp314-cp314t-manylinux2014_aarch64.manylinux_2_17_aarch64.manylinux_2_28_aarch64.whl", hash = "sha256:3ca975c51c5028947bbcfc24966517aac06a01d6c921e30f7c5383c195f87991"},
    {file = "mmh3-5.2.0-cp314-cp314t-manylinux2014_ppc64le.manylinux_2_17_ppc64le.manylinux_2_28_ppc64le.whl", hash = "sha256:5b0b58215befe0f0e120b828f7645e97719bbba9f23b69e268ed0ac7adde8645"},
    {file = "mmh3-5.2.0-cp314-cp314t-manylinux2014_s390x.manylinux_2_17_s390x.manylinux_2_28_s390x.whl", hash = "sha256:29c2b9ce61886809d0492a274a5a53047742dea0f703f9c4d5d223c3ea6377d3"},
    {file = "mmh3-5.2.0-cp314-cp314t-musllinux_1_2_aarch64.whl", hash = "sha256:a367d4741ac0103f8198c82f429bccb9359f543ca542b06a51f4f0332e8de279"},
    {file = "mmh3-5.2.0-cp314-cp314t-musllinux_1_2_i686.whl", hash = "sha256:5a5dba98e514fb26241868f6eb90a7f7ca0e039aed779342965ce24ea32ba513"},
    {file = "mmh3-5.2.0-cp314-cp314t-musllinux_1_2_ppc64le.whl", hash = "sha256:941603bfd75a46023807511c1ac2f1b0f39cccc393c15039969806063b27e6db"},
    {file = "mmh3-5.2.0-cp314-cp314t-musllinux_1_2_s390x.whl", hash = "sha256:132dd943451a7c7546978863d2f5a64977928410782e1a87d583cb60eb89e667"},
    {file = "mmh3-5.2.0-cp314-cp314t-musllinux_1_2_x86_64.whl", hash = "sha256:f698733a8a494466432d611a8f0d1e026f5286dee051beea4b3c3146817e35d5"},
    {file = "mmh3-5.2.0-cp314-cp314t-win32.whl", hash = "sha256:6d541038b3fc360ec538fc116de87462627944765a6750308118f8b509a8eec7"},
    {file = "mmh3-5.2.0-cp314-cp314t-win_amd64.whl", hash = "sha256:e912b19cf2378f2967d0c08e86ff4c6c360129887f678e27e4dde970d21b3f4d"},
    {file = "mmh3-5.2.0-cp314-cp314t-win_arm64.whl", hash = "sha256:e7884931fe5e788163e7b3c511614130c2c59feffdc21112290a194487efb2e9"},
    {file = "mmh3-5.2.0-cp39-cp39-macosx_10_9_universal2.whl", hash = "sha256:3c6041fd9d5fb5fcac57d5c80f521a36b74aea06b8566431c63e4ffc49aced51"},
    {file = "mmh3-5.2.0-cp39-cp39-macosx_10_9_x86_64.whl", hash = "sha256:58477cf9ef16664d1ce2b038f87d2dc96d70fe50733a34a7f07da6c9a5e3538c"},
    {file = "mmh3-5.2.0-cp39-cp39-macosx_11_0_arm64.whl", hash = "sha256:be7d3dca9358e01dab1bad881fb2b4e8730cec58d36dd44482bc068bfcd3bc65"},
    {file = "mmh3-5.2.0-cp39-cp39-manylinux1_i686.manylinux_2_28_i686.manylinux_2_5_i686.whl", hash = "sha256:931d47e08c9c8a67bf75d82f0ada8399eac18b03388818b62bfa42882d571d72"},
    {file = "mmh3-5.2.0-cp39-cp39-manylinux1_x86_64.manylinux_2_28_x86_64.manylinux_2_5_x86_64.whl", hash = "sha256:dd966df3489ec13848d6c6303429bbace94a153f43d1ae2a55115fd36fd5ca5d"},
    {file = "mmh3-5.2.0-cp39-cp39-manylinux2014_aarch64.manylinux_2_17_aarch64.manylinux_2_28_aarch64.whl", hash = "sha256:c677d78887244bf3095020b73c42b505b700f801c690f8eaa90ad12d3179612f"},
    {file = "mmh3-5.2.0-cp39-cp39-manylinux2014_ppc64le.manylinux_2_17_ppc64le.manylinux_2_28_ppc64le.whl", hash = "sha256:63830f846797187c5d3e2dae50f0848fdc86032f5bfdc58ae352f02f857e9025"},
    {file = "mmh3-5.2.0-cp39-cp39-manylinux2014_s390x.manylinux_2_17_s390x.manylinux_2_28_s390x.whl", hash = "sha256:c3f563e8901960e2eaa64c8e8821895818acabeb41c96f2efbb936f65dbe486c"},
    {file = "mmh3-5.2.0-cp39-cp39-musllinux_1_2_aarch64.whl", hash = "sha256:96f1e1ac44cbb42bcc406e509f70c9af42c594e72ccc7b1257f97554204445f0"},
    {file = "mmh3-5.2.0-cp39-cp39-musllinux_1_2_i686.whl", hash = "sha256:7bbb0df897944b5ec830f3ad883e32c5a7375370a521565f5fe24443bfb2c4f7"},
    {file = "mmh3-5.2.0-cp39-cp39-musllinux_1_2_ppc64le.whl", hash = "sha256:1fae471339ae1b9c641f19cf46dfe6ffd7f64b1fba7c4333b99fa3dd7f21ae0a"},
    {file = "mmh3-5.2.0-cp39-cp39-musllinux_1_2_s390x.whl", hash = "sha256:aa6e5d31fdc5ed9e3e95f9873508615a778fe9b523d52c17fc770a3eb39ab6e4"},
    {file = "mmh3-5.2.0-cp39-cp39-musllinux_1_2_x86_64.whl", hash = "sha256:746a5ee71c6d1103d9b560fa147881b5e68fd35da56e54e03d5acefad0e7c055"},
    {file = "mmh3-5.2.0-cp39-cp39-win32.whl", hash = "sha256:10983c10f5c77683bd845751905ba535ec47409874acc759d5ce3ff7ef34398a"},
    {file = "mmh3-5.2.0-cp39-cp39-win_amd64.whl", hash = "sha256:fdfd3fb739f4e22746e13ad7ba0c6eedf5f454b18d11249724a388868e308ee4"},
    {file = "mmh3-5.2.0-cp39-cp39-win_arm64.whl", hash = "sha256:33576136c06b46a7046b6d83a3d75fbca7d25f84cec743f1ae156362608dc6d2"},
    {file = "mmh3-5.2.0.tar.gz", hash = "sha256:1efc8fec8478e9243a78bb993422cf79f8ff85cb4cf6b79647480a31e0d950a8"},
]

[package.extras]
benchmark = ["pymmh3 (==0.0.5)", "pyperf (==2.9.0)", "xxhash (==3.5.0)"]
docs = ["myst-parser (==4.0.1)", "shibuya (==2025.7.24)", "sphinx (==8.2.3)", "sphinx-copybutton (==0.5.2)"]
lint = ["black (==25.1.0)", "clang-format (==20.1.8)", "isort (==6.0.1)", "pylint (==3.3.7)"]
plot = ["matplotlib (==3.10.3)", "pandas (==2.3.1)"]
test = ["pytest (==8.4.1)", "pytest-sugar (==1.0.0)"]
type = ["mypy (==1.17.0)"]

[[package]]
name = "pika"
version = "1.3.2"
description = "Pika Python AMQP Client Library"
optional = false
python-versions = ">=3.7"
groups = ["main"]
files = [
    {file = "pika-1.3.2-py3-none-any.whl", hash = "sha256:0779a7c1fafd805672796085560d290213a465e4f6f76a6fb19e378d8041a14f"},
    {file = "pika-1.3.2.tar.gz", hash = "sha256:b2a327ddddf8570b4965b3576ac77091b850262d34ce8c1d8cb4e4146aa4145f"},
]

[package.extras]
gevent = ["gevent"]
tornado = ["tornado"]
twisted = ["twisted"]

[[package]]
name = "protobuf"
version = "5.29.5"
description = ""
optional = false
python-versions = ">=3.8"
groups = ["main"]
files = [
    {file = "protobuf-5.29.5-cp310-abi3-win32.whl", hash = "sha256:3f1c6468a2cfd102ff4703976138844f78ebd1fb45f49011afc5139e9e283079"},
    {file = "protobuf-5.29.5-cp310-abi3-win_amd64.whl", hash = "sha256:3f76e3a3675b4a4d867b52e4a5f5b78a2ef9565549d4037e06cf7b0942b1d3fc"},
    {file = "protobuf-5.29.5-cp38-abi3-macosx_10_9_universal2.whl", hash = "sha256:e38c5add5a311f2a6eb0340716ef9b039c1dfa428b28f25a7838ac329204a671"},
    {file = "protobuf-5.29.5-cp38-abi3-manylinux2014_aarch64.whl", hash = "sha256:fa18533a299d7ab6c55a238bf8629311439995f2e7eca5caaff08663606e9015"},
    {file = "protobuf-5.29.5-cp38-abi3-manylinux2014_x86_64.whl", hash = "sha256:63848923da3325e1bf7e9003d680ce6e14b07e55d0473253a690c3a8b8fd6e61"},
    {file = "protobuf-5.29.5-cp38-cp38-win32.whl", hash = "sha256:ef91363ad4faba7b25d844ef1ada59ff1604184c0bcd8b39b8a6bef15e1af238"},
    {file = "protobuf-5.29.5-cp38-cp38-win_amd64.whl", hash = "sha256:7318608d56b6402d2ea7704ff1e1e4597bee46d760e7e4dd42a3d45e24b87f2e"},
    {file = "protobuf-5.29.5-cp39-cp39-win32.whl", hash = "sha256:6f642dc9a61782fa72b90878af134c5afe1917c89a568cd3476d758d3c3a0736"},
    {file = "protobuf-5.29.5-cp39-cp39-win_amd64.whl", hash = "sha256:470f3af547ef17847a28e1f47200a1cbf0ba3ff57b7de50d22776607cd2ea353"},
    {file = "protobuf-5.29.5-py3-none-any.whl", hash = "sha256:6cf42630262c59b2d8de33954443d94b746c952b01434fc58a417fdbd2e84bd5"},
    {file = "protobuf-5.29.5.tar.gz", hash = "sha256:bc1463bafd4b0929216c35f437a8e28731a2b7fe3d98bb77a600efced5a15c84"},
]

[[package]]
name = "rstream"
version = "0.40.1"
description = "A python client for RabbitMQ Streams"
optional = false
python-versions = "<4.0,>=3.9"
groups = ["main"]
files = [
    {file = "rstream-0.40.1-py3-none-any.whl", hash = "sha256:7e7d0ea9070b152ad0e4cfb2f55c471ea5c7812ab9f5c2f28d94c6283a4570cc"},
    {file = "rstream-0.40.1.tar.gz", hash = "sha256:33015d543b2598837933e0959265a98d8ce0a41ef8906a9c7b62d1a526d5f993"},
]

[package.dependencies]
mmh3 = ">=5.2.0,<6.0.0"
typing_extensions = ">=4.15.0,<5.0.0"

[[package]]
name = "typing-extensions"
version = "4.15.0"
description = "Backported and Experimental Type Hints for Python 3.9+"
optional = false
python-versions = ">=3.9"
groups = ["main"]
files = [
    {file = "typing_extensions-4.15.0-py3-none-any.whl", hash = "sha256:f0fa19c6845758ab08074a0cfa8b7aecb71c999ca73d62883bc25cc018c4e548"},
    {file = "typing_extensions-4.15.0.tar.gz", hash = "sha256:0cea48d173cc12fa28ecabc3b837ea3cf6f38c6d1136f85cbaaf598984861466"},
]

[metadata]
lock-version = "2.1"
python-versions = ">=3.9,<4.0"
content-hash = "86fa99daba4d94f4fee9a982be5f0b083fdb3e038c6f7fcfb67ca245fd3d8fc8"
